
Microsoft Visual Studio Solution File, Format Version 12.00
# Visual Studio Version 17
VisualStudioVersion = 17.9.34723.18
MinimumVisualStudioVersion = 10.0.40219.1
Project("{9A19103F-16F7-4668-BE54-9A1E7A4F7556}") = "Test.Application", "Application\Test.Application.csproj", "{8F32C1E6-6222-47CE-85D1-E4C4CD2C11E3}"
EndProject
Project("{9A19103F-16F7-4668-BE54-9A1E7A4F7556}") = "Test.Domain", "Test.Domain\Test.Domain.csproj", "{A0833CE7-9392-4C44-962B-F5E4AC5975C6}"
EndProject
Project("{9A19103F-16F7-4668-BE54-9A1E7A4F7556}") = "Test.Infrastructure", "Test.Infrastructure\Test.Infrastructure.csproj", "{5C57B835-67E7-4BEE-AD64-84B736C7AF26}"
EndProject
Project("{2150E333-8FDC-42A3-9474-1A3956D46DE8}") = "Test", "Test", "{447B4893-80DB-4294-8612-266E031F8F94}"
EndProject
Project("{9A19103F-16F7-4668-BE54-9A1E7A4F7556}") = "LINQTest", "LINQTest\LINQTest.csproj", "{6E4E5819-7FB7-41E9-A88E-E5D572E7A13C}"
EndProject
Project("{9A19103F-16F7-4668-BE54-9A1E7A4F7556}") = "dockerTest", "dockerTest\dockerTest.csproj", "{98791E0A-CD55-4639-95B2-BBFC83EF7982}"
EndProject
Project("{9A19103F-16F7-4668-BE54-9A1E7A4F7556}") = "Docker", "Docker\Docker.csproj", "{E12FC9D4-6C07-411F-93B7-E60E256DFB12}"
EndProject
Project("{9A19103F-16F7-4668-BE54-9A1E7A4F7556}") = "ApiDockrize", "ApiDockrize\ApiDockrize.csproj", "{6DF3ADD0-B47C-4167-BE4A-D071DE4EE114}"
EndProject
Project("{2150E333-8FDC-42A3-9474-1A3956D46DE8}") = "Structure", "Structure", "{20411FB4-7AF4-4D94-B224-782419823DAF}"
EndProject
Project("{9A19103F-16F7-4668-BE54-9A1E7A4F7556}") = "Structure.API", "Structure.API\Structure.API.csproj", "{26BE53EA-1EDA-4538-94AB-E8791FC19BC1}"
EndProject
Project("{9A19103F-16F7-4668-BE54-9A1E7A4F7556}") = "Structure.Domain", "Structure.Domain\Structure.Domain.csproj", "{B6B27636-922A-4557-8698-DD0DD92D0193}"
EndProject
Project("{9A19103F-16F7-4668-BE54-9A1E7A4F7556}") = "Structure.Infrastructure", "Structure.Infrastructure\Structure.Infrastructure.csproj", "{E0BA3BFB-B0C9-4F3B-B94D-5A8F5300FF75}"
EndProject
Project("{2150E333-8FDC-42A3-9474-1A3956D46DE8}") = "other", "other", "{BA0D2301-E52C-476B-A098-1A95FA4F8048}"
EndProject
Project("{FAE04EC0-301F-11D3-BF4B-00C04F79EFBC}") = "Utility", "Utility\Utility.csproj", "{BE23B3BE-F997-4A3C-8A0A-5BFC04A4ADC5}"
EndProject
Global
	GlobalSection(SolutionConfigurationPlatforms) = preSolution
		Debug|Any CPU = Debug|Any CPU
		Release|Any CPU = Release|Any CPU
	EndGlobalSection
	GlobalSection(ProjectConfigurationPlatforms) = postSolution
		{8F32C1E6-6222-47CE-85D1-E4C4CD2C11E3}.Debug|Any CPU.ActiveCfg = Debug|Any CPU
		{8F32C1E6-6222-47CE-85D1-E4C4CD2C11E3}.Debug|Any CPU.Build.0 = Debug|Any CPU
		{8F32C1E6-6222-47CE-85D1-E4C4CD2C11E3}.Release|Any CPU.ActiveCfg = Release|Any CPU
		{8F32C1E6-6222-47CE-85D1-E4C4CD2C11E3}.Release|Any CPU.Build.0 = Release|Any CPU
		{A0833CE7-9392-4C44-962B-F5E4AC5975C6}.Debug|Any CPU.ActiveCfg = Debug|Any CPU
		{A0833CE7-9392-4C44-962B-F5E4AC5975C6}.Debug|Any CPU.Build.0 = Debug|Any CPU
		{A0833CE7-9392-4C44-962B-F5E4AC5975C6}.Release|Any CPU.ActiveCfg = Release|Any CPU
		{A0833CE7-9392-4C44-962B-F5E4AC5975C6}.Release|Any CPU.Build.0 = Release|Any CPU
		{5C57B835-67E7-4BEE-AD64-84B736C7AF26}.Debug|Any CPU.ActiveCfg = Debug|Any CPU
		{5C57B835-67E7-4BEE-AD64-84B736C7AF26}.Debug|Any CPU.Build.0 = Debug|Any CPU
		{5C57B835-67E7-4BEE-AD64-84B736C7AF26}.Release|Any CPU.ActiveCfg = Release|Any CPU
		{5C57B835-67E7-4BEE-AD64-84B736C7AF26}.Release|Any CPU.Build.0 = Release|Any CPU
		{6E4E5819-7FB7-41E9-A88E-E5D572E7A13C}.Debug|Any CPU.ActiveCfg = Debug|Any CPU
		{6E4E5819-7FB7-41E9-A88E-E5D572E7A13C}.Debug|Any CPU.Build.0 = Debug|Any CPU
		{6E4E5819-7FB7-41E9-A88E-E5D572E7A13C}.Release|Any CPU.ActiveCfg = Release|Any CPU
		{6E4E5819-7FB7-41E9-A88E-E5D572E7A13C}.Release|Any CPU.Build.0 = Release|Any CPU
		{98791E0A-CD55-4639-95B2-BBFC83EF7982}.Debug|Any CPU.ActiveCfg = Debug|Any CPU
		{98791E0A-CD55-4639-95B2-BBFC83EF7982}.Debug|Any CPU.Build.0 = Debug|Any CPU
		{98791E0A-CD55-4639-95B2-BBFC83EF7982}.Release|Any CPU.ActiveCfg = Release|Any CPU
		{98791E0A-CD55-4639-95B2-BBFC83EF7982}.Release|Any CPU.Build.0 = Release|Any CPU
		{E12FC9D4-6C07-411F-93B7-E60E256DFB12}.Debug|Any CPU.ActiveCfg = Debug|Any CPU
		{E12FC9D4-6C07-411F-93B7-E60E256DFB12}.Debug|Any CPU.Build.0 = Debug|Any CPU
		{E12FC9D4-6C07-411F-93B7-E60E256DFB12}.Release|Any CPU.ActiveCfg = Release|Any CPU
		{E12FC9D4-6C07-411F-93B7-E60E256DFB12}.Release|Any CPU.Build.0 = Release|Any CPU
		{6DF3ADD0-B47C-4167-BE4A-D071DE4EE114}.Debug|Any CPU.ActiveCfg = Debug|Any CPU
		{6DF3ADD0-B47C-4167-BE4A-D071DE4EE114}.Debug|Any CPU.Build.0 = Debug|Any CPU
		{6DF3ADD0-B47C-4167-BE4A-D071DE4EE114}.Release|Any CPU.ActiveCfg = Release|Any CPU
		{6DF3ADD0-B47C-4167-BE4A-D071DE4EE114}.Release|Any CPU.Build.0 = Release|Any CPU
		{26BE53EA-1EDA-4538-94AB-E8791FC19BC1}.Debug|Any CPU.ActiveCfg = Debug|Any CPU
		{26BE53EA-1EDA-4538-94AB-E8791FC19BC1}.Debug|Any CPU.Build.0 = Debug|Any CPU
		{26BE53EA-1EDA-4538-94AB-E8791FC19BC1}.Release|Any CPU.ActiveCfg = Release|Any CPU
		{26BE53EA-1EDA-4538-94AB-E8791FC19BC1}.Release|Any CPU.Build.0 = Release|Any CPU
		{B6B27636-922A-4557-8698-DD0DD92D0193}.Debug|Any CPU.ActiveCfg = Debug|Any CPU
		{B6B27636-922A-4557-8698-DD0DD92D0193}.Debug|Any CPU.Build.0 = Debug|Any CPU
		{B6B27636-922A-4557-8698-DD0DD92D0193}.Release|Any CPU.ActiveCfg = Release|Any CPU
		{B6B27636-922A-4557-8698-DD0DD92D0193}.Release|Any CPU.Build.0 = Release|Any CPU
		{E0BA3BFB-B0C9-4F3B-B94D-5A8F5300FF75}.Debug|Any CPU.ActiveCfg = Debug|Any CPU
		{E0BA3BFB-B0C9-4F3B-B94D-5A8F5300FF75}.Debug|Any CPU.Build.0 = Debug|Any CPU
		{E0BA3BFB-B0C9-4F3B-B94D-5A8F5300FF75}.Release|Any CPU.ActiveCfg = Release|Any CPU
		{E0BA3BFB-B0C9-4F3B-B94D-5A8F5300FF75}.Release|Any CPU.Build.0 = Release|Any CPU
		{BE23B3BE-F997-4A3C-8A0A-5BFC04A4ADC5}.Debug|Any CPU.ActiveCfg = Debug|Any CPU
		{BE23B3BE-F997-4A3C-8A0A-5BFC04A4ADC5}.Debug|Any CPU.Build.0 = Debug|Any CPU
		{BE23B3BE-F997-4A3C-8A0A-5BFC04A4ADC5}.Release|Any CPU.ActiveCfg = Release|Any CPU
		{BE23B3BE-F997-4A3C-8A0A-5BFC04A4ADC5}.Release|Any CPU.Build.0 = Release|Any CPU
	EndGlobalSection
	GlobalSection(SolutionProperties) = preSolution
		HideSolutionNode = FALSE
	EndGlobalSection
	GlobalSection(NestedProjects) = preSolution
		{8F32C1E6-6222-47CE-85D1-E4C4CD2C11E3} = {447B4893-80DB-4294-8612-266E031F8F94}
		{A0833CE7-9392-4C44-962B-F5E4AC5975C6} = {447B4893-80DB-4294-8612-266E031F8F94}
		{5C57B835-67E7-4BEE-AD64-84B736C7AF26} = {447B4893-80DB-4294-8612-266E031F8F94}
		{6E4E5819-7FB7-41E9-A88E-E5D572E7A13C} = {BA0D2301-E52C-476B-A098-1A95FA4F8048}
		{98791E0A-CD55-4639-95B2-BBFC83EF7982} = {BA0D2301-E52C-476B-A098-1A95FA4F8048}
		{E12FC9D4-6C07-411F-93B7-E60E256DFB12} = {BA0D2301-E52C-476B-A098-1A95FA4F8048}
		{6DF3ADD0-B47C-4167-BE4A-D071DE4EE114} = {BA0D2301-E52C-476B-A098-1A95FA4F8048}
		{26BE53EA-1EDA-4538-94AB-E8791FC19BC1} = {20411FB4-7AF4-4D94-B224-782419823DAF}
		{B6B27636-922A-4557-8698-DD0DD92D0193} = {20411FB4-7AF4-4D94-B224-782419823DAF}
		{E0BA3BFB-B0C9-4F3B-B94D-5A8F5300FF75} = {20411FB4-7AF4-4D94-B224-782419823DAF}
		{BE23B3BE-F997-4A3C-8A0A-5BFC04A4ADC5} = {20411FB4-7AF4-4D94-B224-782419823DAF}
	EndGlobalSection
	GlobalSection(ExtensibilityGlobals) = postSolution
		SolutionGuid = {E1897A19-6E7E-4065-9578-4B16D43C79F1}
	EndGlobalSection
EndGlobal
